// !$*UTF8*$!
{
	archiveVersion = 1;
	classes = {
	};
	objectVersion = 56;
	objects = {

/* Begin PBXBuildFile section */
		4D02C3CB29345E46002DEA1D /* iDineApp.swift in Sources */ = {isa = PBXBuildFile; fileRef = 4D02C3CA29345E46002DEA1D /* iDineApp.swift */; };
		4D02C3CD29345E46002DEA1D /* ContentView.swift in Sources */ = {isa = PBXBuildFile; fileRef = 4D02C3CC29345E46002DEA1D /* ContentView.swift */; };
		4D02C3CF29345E49002DEA1D /* Assets.xcassets in Resources */ = {isa = PBXBuildFile; fileRef = 4D02C3CE29345E49002DEA1D /* Assets.xcassets */; };
		4D02C3D229345E49002DEA1D /* Preview Assets.xcassets in Resources */ = {isa = PBXBuildFile; fileRef = 4D02C3D129345E49002DEA1D /* Preview Assets.xcassets */; };
		4D02C3D929345EAC002DEA1D /* Helper.swift in Sources */ = {isa = PBXBuildFile; fileRef = 4D02C3D829345EAC002DEA1D /* Helper.swift */; };
		4D02C3DC29345EC0002DEA1D /* Order.swift in Sources */ = {isa = PBXBuildFile; fileRef = 4D02C3DA29345EC0002DEA1D /* Order.swift */; };
		4D02C3DD29345EC0002DEA1D /* Menu.swift in Sources */ = {isa = PBXBuildFile; fileRef = 4D02C3DB29345EC0002DEA1D /* Menu.swift */; };
		4D02C3DF29345ED3002DEA1D /* menu.json in Resources */ = {isa = PBXBuildFile; fileRef = 4D02C3DE29345ED3002DEA1D /* menu.json */; };
		4D02C3E1293462FA002DEA1D /* ItemRow.swift in Sources */ = {isa = PBXBuildFile; fileRef = 4D02C3E0293462FA002DEA1D /* ItemRow.swift */; };
		4D02C3E329382365002DEA1D /* ItemDetail.swift in Sources */ = {isa = PBXBuildFile; fileRef = 4D02C3E229382365002DEA1D /* ItemDetail.swift */; };
		4D02C3E5293AB793002DEA1D /* OrderView.swift in Sources */ = {isa = PBXBuildFile; fileRef = 4D02C3E4293AB793002DEA1D /* OrderView.swift */; };
		4D02C3E7293ABFF8002DEA1D /* MainView.swift in Sources */ = {isa = PBXBuildFile; fileRef = 4D02C3E6293ABFF8002DEA1D /* MainView.swift */; };
		4D02C3E9293EB651002DEA1D /* CheckoutView.swift in Sources */ = {isa = PBXBuildFile; fileRef = 4D02C3E8293EB651002DEA1D /* CheckoutView.swift */; };
/* End PBXBuildFile section */

/* Begin PBXFileReference section */
		4D02C3C729345E46002DEA1D /* iDine.app */ = {isa = PBXFileReference; explicitFileType = wrapper.application; includeInIndex = 0; path = iDine.app; sourceTree = BUILT_PRODUCTS_DIR; };
		4D02C3CA29345E46002DEA1D /* iDineApp.swift */ = {isa = PBXFileReference; lastKnownFileType = sourcecode.swift; path = iDineApp.swift; sourceTree = "<group>"; };
		4D02C3CC29345E46002DEA1D /* ContentView.swift */ = {isa = PBXFileReference; lastKnownFileType = sourcecode.swift; path = ContentView.swift; sourceTree = "<group>"; };
		4D02C3CE29345E49002DEA1D /* Assets.xcassets */ = {isa = PBXFileReference; lastKnownFileType = folder.assetcatalog; path = Assets.xcassets; sourceTree = "<group>"; };
		4D02C3D129345E49002DEA1D /* Preview Assets.xcassets */ = {isa = PBXFileReference; lastKnownFileType = folder.assetcatalog; path = "Preview Assets.xcassets"; sourceTree = "<group>"; };
		4D02C3D829345EAC002DEA1D /* Helper.swift */ = {isa = PBXFileReference; fileEncoding = 4; lastKnownFileType = sourcecode.swift; path = Helper.swift; sourceTree = "<group>"; };
		4D02C3DA29345EC0002DEA1D /* Order.swift */ = {isa = PBXFileReference; fileEncoding = 4; lastKnownFileType = sourcecode.swift; path = Order.swift; sourceTree = "<group>"; };
		4D02C3DB29345EC0002DEA1D /* Menu.swift */ = {isa = PBXFileReference; fileEncoding = 4; lastKnownFileType = sourcecode.swift; path = Menu.swift; sourceTree = "<group>"; };
		4D02C3DE29345ED3002DEA1D /* menu.json */ = {isa = PBXFileReference; fileEncoding = 4; lastKnownFileType = text.json; path = menu.json; sourceTree = "<group>"; };
		4D02C3E0293462FA002DEA1D /* ItemRow.swift */ = {isa = PBXFileReference; lastKnownFileType = sourcecode.swift; path = ItemRow.swift; sourceTree = "<group>"; };
		4D02C3E229382365002DEA1D /* ItemDetail.swift */ = {isa = PBXFileReference; lastKnownFileType = sourcecode.swift; path = ItemDetail.swift; sourceTree = "<group>"; };
		4D02C3E4293AB793002DEA1D /* OrderView.swift */ = {isa = PBXFileReference; lastKnownFileType = sourcecode.swift; path = OrderView.swift; sourceTree = "<group>"; };
		4D02C3E6293ABFF8002DEA1D /* MainView.swift */ = {isa = PBXFileReference; lastKnownFileType = sourcecode.swift; path = MainView.swift; sourceTree = "<group>"; };
		4D02C3E8293EB651002DEA1D /* CheckoutView.swift */ = {isa = PBXFileReference; lastKnownFileType = sourcecode.swift; path = CheckoutView.swift; sourceTree = "<group>"; };
/* End PBXFileReference section */

/* Begin PBXFrameworksBuildPhase section */
		4D02C3C429345E46002DEA1D /* Frameworks */ = {
			isa = PBXFrameworksBuildPhase;
			buildActionMask = 2147483647;
			files = (
			);
			runOnlyForDeploymentPostprocessing = 0;
		};
/* End PBXFrameworksBuildPhase section */

/* Begin PBXGroup section */
		4D02C3BE29345E46002DEA1D = {
			isa = PBXGroup;
			children = (
				4D02C3C929345E46002DEA1D /* iDine */,
				4D02C3C829345E46002DEA1D /* Products */,
			);
			sourceTree = "<group>";
		};
		4D02C3C829345E46002DEA1D /* Products */ = {
			isa = PBXGroup;
			children = (
				4D02C3C729345E46002DEA1D /* iDine.app */,
			);
			name = Products;
			sourceTree = "<group>";
		};
		4D02C3C929345E46002DEA1D /* iDine */ = {
			isa = PBXGroup;
			children = (
				4D02C3EB29495A1F002DEA1D /* Components */,
				4D02C3EA294959E4002DEA1D /* Screens */,
				4D02C3EC29495A43002DEA1D /* Menu */,
				4D02C3D829345EAC002DEA1D /* Helper.swift */,
				4D02C3CE29345E49002DEA1D /* Assets.xcassets */,
				4D02C3D029345E49002DEA1D /* Preview Content */,
			);
			path = iDine;
			sourceTree = "<group>";
		};
		4D02C3D029345E49002DEA1D /* Preview Content */ = {
			isa = PBXGroup;
			children = (
				4D02C3D129345E49002DEA1D /* Preview Assets.xcassets */,
			);
			path = "Preview Content";
			sourceTree = "<group>";
		};
		4D02C3EA294959E4002DEA1D /* Screens */ = {
			isa = PBXGroup;
			children = (
				4D02C3E6293ABFF8002DEA1D /* MainView.swift */,
				4D02C3E8293EB651002DEA1D /* CheckoutView.swift */,
				4D02C3CC29345E46002DEA1D /* ContentView.swift */,
				4D02C3E4293AB793002DEA1D /* OrderView.swift */,
				4D02C3CA29345E46002DEA1D /* iDineApp.swift */,
			);
			path = Screens;
			sourceTree = "<group>";
		};
		4D02C3EB29495A1F002DEA1D /* Components */ = {
			isa = PBXGroup;
			children = (
				4D02C3E229382365002DEA1D /* ItemDetail.swift */,
				4D02C3E0293462FA002DEA1D /* ItemRow.swift */,
				4D02C3DA29345EC0002DEA1D /* Order.swift */,
			);
			path = Components;
			sourceTree = "<group>";
		};
		4D02C3EC29495A43002DEA1D /* Menu */ = {
			isa = PBXGroup;
			children = (
				4D02C3DB29345EC0002DEA1D /* Menu.swift */,
				4D02C3DE29345ED3002DEA1D /* menu.json */,
			);
			path = Menu;
			sourceTree = "<group>";
		};
/* End PBXGroup section */

/* Begin PBXNativeTarget section */
		4D02C3C629345E46002DEA1D /* iDine */ = {
			isa = PBXNativeTarget;
			buildConfigurationList = 4D02C3D529345E49002DEA1D /* Build configuration list for PBXNativeTarget "iDine" */;
			buildPhases = (
				4D02C3C329345E46002DEA1D /* Sources */,
				4D02C3C429345E46002DEA1D /* Frameworks */,
				4D02C3C529345E46002DEA1D /* Resources */,
			);
			buildRules = (
			);
			dependencies = (
			);
			name = iDine;
			productName = iDine;
			productReference = 4D02C3C729345E46002DEA1D /* iDine.app */;
			productType = "com.apple.product-type.application";
		};
/* End PBXNativeTarget section */

/* Begin PBXProject section */
		4D02C3BF29345E46002DEA1D /* Project object */ = {
			isa = PBXProject;
			attributes = {
				BuildIndependentTargetsInParallel = 1;
				LastSwiftUpdateCheck = 1410;
				LastUpgradeCheck = 1410;
				TargetAttributes = {
					4D02C3C629345E46002DEA1D = {
						CreatedOnToolsVersion = 14.1;
					};
				};
			};
			buildConfigurationList = 4D02C3C229345E46002DEA1D /* Build configuration list for PBXProject "iDine" */;
			compatibilityVersion = "Xcode 14.0";
			developmentRegion = en;
			hasScannedForEncodings = 0;
			knownRegions = (
				en,
				Base,
			);
			mainGroup = 4D02C3BE29345E46002DEA1D;
			productRefGroup = 4D02C3C829345E46002DEA1D /* Products */;
			projectDirPath = "";
			projectRoot = "";
			targets = (
				4D02C3C629345E46002DEA1D /* iDine */,
			);
		};
/* End PBXProject section */

/* Begin PBXResourcesBuildPhase section */
		4D02C3C529345E46002DEA1D /* Resources */ = {
			isa = PBXResourcesBuildPhase;
			buildActionMask = 2147483647;
			files = (
				4D02C3DF29345ED3002DEA1D /* menu.json in Resources */,
				4D02C3D229345E49002DEA1D /* Preview Assets.xcassets in Resources */,
				4D02C3CF29345E49002DEA1D /* Assets.xcassets in Resources */,
			);
			runOnlyForDeploymentPostprocessing = 0;
		};
/* End PBXResourcesBuildPhase section */

/* Begin PBXSourcesBuildPhase section */
		4D02C3C329345E46002DEA1D /* Sources */ = {
			isa = PBXSourcesBuildPhase;
			buildActionMask = 2147483647;
			files = (
				4D02C3E329382365002DEA1D /* ItemDetail.swift in Sources */,
				4D02C3E7293ABFF8002DEA1D /* MainView.swift in Sources */,
				4D02C3E9293EB651002DEA1D /* CheckoutView.swift in Sources */,
				4D02C3E5293AB793002DEA1D /* OrderView.swift in Sources */,
				4D02C3CD29345E46002DEA1D /* ContentView.swift in Sources */,
				4D02C3CB29345E46002DEA1D /* iDineApp.swift in Sources */,
				4D02C3DC29345EC0002DEA1D /* Order.swift in Sources */,
				4D02C3E1293462FA002DEA1D /* ItemRow.swift in Sources */,
				4D02C3D929345EAC002DEA1D /* Helper.swift in Sources */,
				4D02C3DD29345EC0002DEA1D /* Menu.swift in Sources */,
			);
			runOnlyForDeploymentPostprocessing = 0;
		};
/* End PBXSourcesBuildPhase section */

/* Begin XCBuildConfiguration section */
		4D02C3D329345E49002DEA1D /* Debug */ = {
			isa = XCBuildConfiguration;
			buildSettings = {
				ALWAYS_SEARCH_USER_PATHS = NO;
				CLANG_ANALYZER_NONNULL = YES;
				CLANG_ANALYZER_NUMBER_OBJECT_CONVERSION = YES_AGGRESSIVE;
				CLANG_CXX_LANGUAGE_STANDARD = "gnu++20";
				CLANG_ENABLE_MODULES = YES;
				CLANG_ENABLE_OBJC_ARC = YES;
				CLANG_ENABLE_OBJC_WEAK = YES;
				CLANG_WARN_BLOCK_CAPTURE_AUTORELEASING = YES;
				CLANG_WARN_BOOL_CONVERSION = YES;
				CLANG_WARN_COMMA = YES;
				CLANG_WARN_CONSTANT_CONVERSION = YES;
				CLANG_WARN_DEPRECATED_OBJC_IMPLEMENTATIONS = YES;
				CLANG_WARN_DIRECT_OBJC_ISA_USAGE = YES_ERROR;
				CLANG_WARN_DOCUMENTATION_COMMENTS = YES;
				CLANG_WARN_EMPTY_BODY = YES;
				CLANG_WARN_ENUM_CONVERSION = YES;
				CLANG_WARN_INFINITE_RECURSION = YES;
				CLANG_WARN_INT_CONVERSION = YES;
				CLANG_WARN_NON_LITERAL_NULL_CONVERSION = YES;
				CLANG_WARN_OBJC_IMPLICIT_RETAIN_SELF = YES;
				CLANG_WARN_OBJC_LITERAL_CONVERSION = YES;
				CLANG_WARN_OBJC_ROOT_CLASS = YES_ERROR;
				CLANG_WARN_QUOTED_INCLUDE_IN_FRAMEWORK_HEADER = YES;
				CLANG_WARN_RANGE_LOOP_ANALYSIS = YES;
				CLANG_WARN_STRICT_PROTOTYPES = YES;
				CLANG_WARN_SUSPICIOUS_MOVE = YES;
				CLANG_WARN_UNGUARDED_AVAILABILITY = YES_AGGRESSIVE;
				CLANG_WARN_UNREACHABLE_CODE = YES;
				CLANG_WARN__DUPLICATE_METHOD_MATCH = YES;
				COPY_PHASE_STRIP = NO;
				DEBUG_INFORMATION_FORMAT = dwarf;
				ENABLE_STRICT_OBJC_MSGSEND = YES;
				ENABLE_TESTABILITY = YES;
				GCC_C_LANGUAGE_STANDARD = gnu11;
				GCC_DYNAMIC_NO_PIC = NO;
				GCC_NO_COMMON_BLOCKS = YES;
				GCC_OPTIMIZATION_LEVEL = 0;
				GCC_PREPROCESSOR_DEFINITIONS = (
					"DEBUG=1",
					"$(inherited)",
				);
				GCC_WARN_64_TO_32_BIT_CONVERSION = YES;
				GCC_WARN_ABOUT_RETURN_TYPE = YES_ERROR;
				GCC_WARN_UNDECLARED_SELECTOR = YES;
				GCC_WARN_UNINITIALIZED_AUTOS = YES_AGGRESSIVE;
				GCC_WARN_UNUSED_FUNCTION = YES;
				GCC_WARN_UNUSED_VARIABLE = YES;
				IPHONEOS_DEPLOYMENT_TARGET = 16.1;
				MTL_ENABLE_DEBUG_INFO = INCLUDE_SOURCE;
				MTL_FAST_MATH = YES;
				ONLY_ACTIVE_ARCH = YES;
				SDKROOT = iphoneos;
				SWIFT_ACTIVE_COMPILATION_CONDITIONS = DEBUG;
				SWIFT_OPTIMIZATION_LEVEL = "-Onone";
			};
			name = Debug;
		};
		4D02C3D429345E49002DEA1D /* Release */ = {
			isa = XCBuildConfiguration;
			buildSettings = {
				ALWAYS_SEARCH_USER_PATHS = NO;
				CLANG_ANALYZER_NONNULL = YES;
				CLANG_ANALYZER_NUMBER_OBJECT_CONVERSION = YES_AGGRESSIVE;
				CLANG_CXX_LANGUAGE_STANDARD = "gnu++20";
				CLANG_ENABLE_MODULES = YES;
				CLANG_ENABLE_OBJC_ARC = YES;
				CLANG_ENABLE_OBJC_WEAK = YES;
				CLANG_WARN_BLOCK_CAPTURE_AUTORELEASING = YES;
				CLANG_WARN_BOOL_CONVERSION = YES;
				CLANG_WARN_COMMA = YES;
				CLANG_WARN_CONSTANT_CONVERSION = YES;
				CLANG_WARN_DEPRECATED_OBJC_IMPLEMENTATIONS = YES;
				CLANG_WARN_DIRECT_OBJC_ISA_USAGE = YES_ERROR;
				CLANG_WARN_DOCUMENTATION_COMMENTS = YES;
				CLANG_WARN_EMPTY_BODY = YES;
				CLANG_WARN_ENUM_CONVERSION = YES;
				CLANG_WARN_INFINITE_RECURSION = YES;
				CLANG_WARN_INT_CONVERSION = YES;
				CLANG_WARN_NON_LITERAL_NULL_CONVERSION = YES;
				CLANG_WARN_OBJC_IMPLICIT_RETAIN_SELF = YES;
				CLANG_WARN_OBJC_LITERAL_CONVERSION = YES;
				CLANG_WARN_OBJC_ROOT_CLASS = YES_ERROR;
				CLANG_WARN_QUOTED_INCLUDE_IN_FRAMEWORK_HEADER = YES;
				CLANG_WARN_RANGE_LOOP_ANALYSIS = YES;
				CLANG_WARN_STRICT_PROTOTYPES = YES;
				CLANG_WARN_SUSPICIOUS_MOVE = YES;
				CLANG_WARN_UNGUARDED_AVAILABILITY = YES_AGGRESSIVE;
				CLANG_WARN_UNREACHABLE_CODE = YES;
				CLANG_WARN__DUPLICATE_METHOD_MATCH = YES;
				COPY_PHASE_STRIP = NO;
				DEBUG_INFORMATION_FORMAT = "dwarf-with-dsym";
				ENABLE_NS_ASSERTIONS = NO;
				ENABLE_STRICT_OBJC_MSGSEND = YES;
				GCC_C_LANGUAGE_STANDARD = gnu11;
				GCC_NO_COMMON_BLOCKS = YES;
				GCC_WARN_64_TO_32_BIT_CONVERSION = YES;
				GCC_WARN_ABOUT_RETURN_TYPE = YES_ERROR;
				GCC_WARN_UNDECLARED_SELECTOR = YES;
				GCC_WARN_UNINITIALIZED_AUTOS = YES_AGGRESSIVE;
				GCC_WARN_UNUSED_FUNCTION = YES;
				GCC_WARN_UNUSED_VARIABLE = YES;
				IPHONEOS_DEPLOYMENT_TARGET = 16.1;
				MTL_ENABLE_DEBUG_INFO = NO;
				MTL_FAST_MATH = YES;
				SDKROOT = iphoneos;
				SWIFT_COMPILATION_MODE = wholemodule;
				SWIFT_OPTIMIZATION_LEVEL = "-O";
				VALIDATE_PRODUCT = YES;
			};
			name = Release;
		};
		4D02C3D629345E49002DEA1D /* Debug */ = {
			isa = XCBuildConfiguration;
			buildSettings = {
				ASSETCATALOG_COMPILER_APPICON_NAME = AppIcon;
				ASSETCATALOG_COMPILER_GLOBAL_ACCENT_COLOR_NAME = AccentColor;
				CODE_SIGN_STYLE = Automatic;
				CURRENT_PROJECT_VERSION = 1;
				DEVELOPMENT_ASSET_PATHS = "\"iDine/Preview Content\"";
				DEVELOPMENT_TEAM = 62L6L7882M;
				ENABLE_PREVIEWS = YES;
				GENERATE_INFOPLIST_FILE = YES;
				INFOPLIST_KEY_UIApplicationSceneManifest_Generation = YES;
				INFOPLIST_KEY_UIApplicationSupportsIndirectInputEvents = YES;
				INFOPLIST_KEY_UILaunchScreen_Generation = YES;
				INFOPLIST_KEY_UISupportedInterfaceOrientations_iPad = "UIInterfaceOrientationPortrait UIInterfaceOrientationPortraitUpsideDown UIInterfaceOrientationLandscapeLeft UIInterfaceOrientationLandscapeRight";
				INFOPLIST_KEY_UISupportedInterfaceOrientations_iPhone = "UIInterfaceOrientationPortrait UIInterfaceOrientationLandscapeLeft UIInterfaceOrientationLandscapeRight";
				LD_RUNPATH_SEARCH_PATHS = (
					"$(inherited)",
					"@executable_path/Frameworks",
				);
				MARKETING_VERSION = 1.0;
				PRODUCT_BUNDLE_IDENTIFIER = dev.mikeschmidt.iDine;
				PRODUCT_NAME = "$(TARGET_NAME)";
				SWIFT_EMIT_LOC_STRINGS = YES;
				SWIFT_VERSION = 5.0;
				TARGETED_DEVICE_FAMILY = "1,2";
			};
			name = Debug;
		};
		4D02C3D729345E49002DEA1D /* Release */ = {
			isa = XCBuildConfiguration;
			buildSettings = {
				ASSETCATALOG_COMPILER_APPICON_NAME = AppIcon;
				ASSETCATALOG_COMPILER_GLOBAL_ACCENT_COLOR_NAME = AccentColor;
				CODE_SIGN_STYLE = Automatic;
				CURRENT_PROJECT_VERSION = 1;
				DEVELOPMENT_ASSET_PATHS = "\"iDine/Preview Content\"";
				DEVELOPMENT_TEAM = 62L6L7882M;
				ENABLE_PREVIEWS = YES;
				GENERATE_INFOPLIST_FILE = YES;
				INFOPLIST_KEY_UIApplicationSceneManifest_Generation = YES;
				INFOPLIST_KEY_UIApplicationSupportsIndirectInputEvents = YES;
				INFOPLIST_KEY_UILaunchScreen_Generation = YES;
				INFOPLIST_KEY_UISupportedInterfaceOrientations_iPad = "UIInterfaceOrientationPortrait UIInterfaceOrientationPortraitUpsideDown UIInterfaceOrientationLandscapeLeft UIInterfaceOrientationLandscapeRight";
				INFOPLIST_KEY_UISupportedInterfaceOrientations_iPhone = "UIInterfaceOrientationPortrait UIInterfaceOrientationLandscapeLeft UIInterfaceOrientationLandscapeRight";
				LD_RUNPATH_SEARCH_PATHS = (
					"$(inherited)",
					"@executable_path/Frameworks",
				);
				MARKETING_VERSION = 1.0;
				PRODUCT_BUNDLE_IDENTIFIER = dev.mikeschmidt.iDine;
				PRODUCT_NAME = "$(TARGET_NAME)";
				SWIFT_EMIT_LOC_STRINGS = YES;
				SWIFT_VERSION = 5.0;
				TARGETED_DEVICE_FAMILY = "1,2";
			};
			name = Release;
		};
/* End XCBuildConfiguration section */

/* Begin XCConfigurationList section */
		4D02C3C229345E46002DEA1D /* Build configuration list for PBXProject "iDine" */ = {
			isa = XCConfigurationList;
			buildConfigurations = (
				4D02C3D329345E49002DEA1D /* Debug */,
				4D02C3D429345E49002DEA1D /* Release */,
			);
			defaultConfigurationIsVisible = 0;
			defaultConfigurationName = Release;
		};
		4D02C3D529345E49002DEA1D /* Build configuration list for PBXNativeTarget "iDine" */ = {
			isa = XCConfigurationList;
			buildConfigurations = (
				4D02C3D629345E49002DEA1D /* Debug */,
				4D02C3D729345E49002DEA1D /* Release */,
			);
			defaultConfigurationIsVisible = 0;
			defaultConfigurationName = Release;
		};
/* End XCConfigurationList section */
	};
	rootObject = 4D02C3BF29345E46002DEA1D /* Project object */;
}
